
Microsoft Visual Studio Solution File, Format Version 12.00
# Visual Studio Version 17
VisualStudioVersion = 17.13.35818.85 d17.13
MinimumVisualStudioVersion = 10.0.40219.1
Project("{FAE04EC0-301F-11D3-BF4B-00C04F79EFBC}") = "DatabaseEx_25", "DatabaseEx_25\DatabaseEx_25.csproj", "{A302C679-A081-48AF-B207-717D229710A1}"
EndProject
Global
	GlobalSection(SolutionConfigurationPlatforms) = preSolution
		Debug|Any CPU = Debug|Any CPU
		Release|Any CPU = Release|Any CPU
	EndGlobalSection
	GlobalSection(ProjectConfigurationPlatforms) = postSolution
		{A302C679-A081-48AF-B207-717D229710A1}.Debug|Any CPU.ActiveCfg = Debug|Any CPU
		{A302C679-A081-48AF-B207-717D229710A1}.Debug|Any CPU.Build.0 = Debug|Any CPU
		{A302C679-A081-48AF-B207-717D229710A1}.Release|Any CPU.ActiveCfg = Release|Any CPU
		{A302C679-A081-48AF-B207-717D229710A1}.Release|Any CPU.Build.0 = Release|Any CPU
	EndGlobalSection
	GlobalSection(SolutionProperties) = preSolution
		HideSolutionNode = FALSE
	EndGlobalSection
	GlobalSection(ExtensibilityGlobals) = postSolution
		SolutionGuid = {AED15C54-C8AB-471C-839C-FCC165866344}
	EndGlobalSection
EndGlobal
